
Microsoft Visual Studio Solution File, Format Version 12.00
# Visual Studio 2013
VisualStudioVersion = 12.0.21005.1
MinimumVisualStudioVersion = 10.0.40219.1
Project("{FAE04EC0-301F-11D3-BF4B-00C04F79EFBC}") = "puntoVentaModelo", "puntoVentaModelo\puntoVentaModelo.csproj", "{D0211A05-18E5-4FB6-BC60-FDAD583ECDCC}"
EndProject
Global
	GlobalSection(SolutionConfigurationPlatforms) = preSolution
		Debug|Any CPU = Debug|Any CPU
		Release|Any CPU = Release|Any CPU
	EndGlobalSection
	GlobalSection(ProjectConfigurationPlatforms) = postSolution
		{D0211A05-18E5-4FB6-BC60-FDAD583ECDCC}.Debug|Any CPU.ActiveCfg = Debug|Any CPU
		{D0211A05-18E5-4FB6-BC60-FDAD583ECDCC}.Debug|Any CPU.Build.0 = Debug|Any CPU
		{D0211A05-18E5-4FB6-BC60-FDAD583ECDCC}.Release|Any CPU.ActiveCfg = Release|Any CPU
		{D0211A05-18E5-4FB6-BC60-FDAD583ECDCC}.Release|Any CPU.Build.0 = Release|Any CPU
	EndGlobalSection
	GlobalSection(SolutionProperties) = preSolution
		HideSolutionNode = FALSE
	EndGlobalSection
EndGlobal
